{
  "name": "screenwisecss",
  "version": "1.0.0",
  "lockfileVersion": 3,
  "requires": true,
  "packages": {
    "": {
      "name": "screenwisecss",
      "version": "1.0.0",
      "hasInstallScript": true,
      "license": "ISC",
      "dependencies": {
        "screenwisecss": "^1.0.0"
      },
      "bin": {
        "install-screenwise-css": "scripts/install-screenwise.js"
      }
    },
    "node_modules/screenwisecss": {
      "version": "1.0.0",
      "resolved": "https://registry.npmjs.org/screenwisecss/-/screenwisecss-1.0.0.tgz",
      "integrity": "sha512-fSJGcvUoKLTTxeLxXVjuheWW9/zh/R566JoFE6jKGNszoKWB7S2NXbfo9xv+agcJ87Xlbl41hOv5IEq7dkCUTw==",
      "hasInstallScript": true,
      "bin": {
        "install-screenwise-css": "scripts/install-screenwise.js"
      }
    }
  }
}
